
Microsoft Visual Studio Solution File, Format Version 12.00
# Visual Studio 2012
Project("{2150E333-8FDC-42A3-9474-1A3956D46DE8}") = "Demo1", "Demo1", "{0E6DFDBC-7EED-4D9A-B768-D1FDAEF5AE34}"
EndProject
Project("{2150E333-8FDC-42A3-9474-1A3956D46DE8}") = "Demo3", "Demo3", "{0F3FEF05-2DB6-41C4-B4CF-FCA457EE006F}"
EndProject
Project("{2150E333-8FDC-42A3-9474-1A3956D46DE8}") = "Demo4", "Demo4", "{16170074-885B-4F2E-95AF-A506F0D434B6}"
EndProject
Project("{FAE04EC0-301F-11D3-BF4B-00C04F79EFBC}") = "Web", "Basic\Web\Web.csproj", "{7DF7155F-35DD-4B75-96DB-2D937D5AC381}"
EndProject
Project("{FAE04EC0-301F-11D3-BF4B-00C04F79EFBC}") = "Web", "Scaled\Web.csproj", "{F33B8205-64CF-448C-B174-91D75C6F6F09}"
EndProject
Project("{2150E333-8FDC-42A3-9474-1A3956D46DE8}") = "DisasterCenter", "DisasterCenter", "{ADEBDF49-EE73-4D02-8023-D9A92E8E16AD}"
EndProject
Project("{2150E333-8FDC-42A3-9474-1A3956D46DE8}") = "Service", "Service", "{544DA559-F8F6-41B9-B38B-20693C91F20C}"
EndProject
Project("{FAE04EC0-301F-11D3-BF4B-00C04F79EFBC}") = "Web", "EventDriven\Web\Web.csproj", "{3904E81C-3E9F-4E61-B047-1D1A84D1D3EF}"
EndProject
Project("{FAE04EC0-301F-11D3-BF4B-00C04F79EFBC}") = "Contract", "EventDriven\Service\Contract\Contract.csproj", "{DD06EEBE-A74C-4AAE-A1EF-B5495A990EE9}"
EndProject
Project("{FAE04EC0-301F-11D3-BF4B-00C04F79EFBC}") = "UI", "EventDriven\DisasterCenter\UI\UI.csproj", "{4AC78737-49F0-43AC-A803-F032344039BA}"
EndProject
Global
	GlobalSection(SolutionConfigurationPlatforms) = preSolution
		Debug|Any CPU = Debug|Any CPU
		Release|Any CPU = Release|Any CPU
	EndGlobalSection
	GlobalSection(ProjectConfigurationPlatforms) = postSolution
		{7DF7155F-35DD-4B75-96DB-2D937D5AC381}.Debug|Any CPU.ActiveCfg = Debug|Any CPU
		{7DF7155F-35DD-4B75-96DB-2D937D5AC381}.Debug|Any CPU.Build.0 = Debug|Any CPU
		{7DF7155F-35DD-4B75-96DB-2D937D5AC381}.Release|Any CPU.ActiveCfg = Release|Any CPU
		{7DF7155F-35DD-4B75-96DB-2D937D5AC381}.Release|Any CPU.Build.0 = Release|Any CPU
		{F33B8205-64CF-448C-B174-91D75C6F6F09}.Debug|Any CPU.ActiveCfg = Debug|Any CPU
		{F33B8205-64CF-448C-B174-91D75C6F6F09}.Debug|Any CPU.Build.0 = Debug|Any CPU
		{F33B8205-64CF-448C-B174-91D75C6F6F09}.Release|Any CPU.ActiveCfg = Release|Any CPU
		{F33B8205-64CF-448C-B174-91D75C6F6F09}.Release|Any CPU.Build.0 = Release|Any CPU
		{3904E81C-3E9F-4E61-B047-1D1A84D1D3EF}.Debug|Any CPU.ActiveCfg = Debug|Any CPU
		{3904E81C-3E9F-4E61-B047-1D1A84D1D3EF}.Debug|Any CPU.Build.0 = Debug|Any CPU
		{3904E81C-3E9F-4E61-B047-1D1A84D1D3EF}.Release|Any CPU.ActiveCfg = Release|Any CPU
		{3904E81C-3E9F-4E61-B047-1D1A84D1D3EF}.Release|Any CPU.Build.0 = Release|Any CPU
		{DD06EEBE-A74C-4AAE-A1EF-B5495A990EE9}.Debug|Any CPU.ActiveCfg = Debug|Any CPU
		{DD06EEBE-A74C-4AAE-A1EF-B5495A990EE9}.Debug|Any CPU.Build.0 = Debug|Any CPU
		{DD06EEBE-A74C-4AAE-A1EF-B5495A990EE9}.Release|Any CPU.ActiveCfg = Release|Any CPU
		{DD06EEBE-A74C-4AAE-A1EF-B5495A990EE9}.Release|Any CPU.Build.0 = Release|Any CPU
		{4AC78737-49F0-43AC-A803-F032344039BA}.Debug|Any CPU.ActiveCfg = Debug|Any CPU
		{4AC78737-49F0-43AC-A803-F032344039BA}.Debug|Any CPU.Build.0 = Debug|Any CPU
		{4AC78737-49F0-43AC-A803-F032344039BA}.Release|Any CPU.ActiveCfg = Release|Any CPU
		{4AC78737-49F0-43AC-A803-F032344039BA}.Release|Any CPU.Build.0 = Release|Any CPU
	EndGlobalSection
	GlobalSection(SolutionProperties) = preSolution
		HideSolutionNode = FALSE
	EndGlobalSection
	GlobalSection(NestedProjects) = preSolution
		{7DF7155F-35DD-4B75-96DB-2D937D5AC381} = {0E6DFDBC-7EED-4D9A-B768-D1FDAEF5AE34}
		{F33B8205-64CF-448C-B174-91D75C6F6F09} = {0F3FEF05-2DB6-41C4-B4CF-FCA457EE006F}
		{ADEBDF49-EE73-4D02-8023-D9A92E8E16AD} = {16170074-885B-4F2E-95AF-A506F0D434B6}
		{544DA559-F8F6-41B9-B38B-20693C91F20C} = {16170074-885B-4F2E-95AF-A506F0D434B6}
		{3904E81C-3E9F-4E61-B047-1D1A84D1D3EF} = {16170074-885B-4F2E-95AF-A506F0D434B6}
		{4AC78737-49F0-43AC-A803-F032344039BA} = {ADEBDF49-EE73-4D02-8023-D9A92E8E16AD}
		{DD06EEBE-A74C-4AAE-A1EF-B5495A990EE9} = {544DA559-F8F6-41B9-B38B-20693C91F20C}
	EndGlobalSection
EndGlobal
